{
  "name": "angular-learning",
  "lockfileVersion": 3,
  "requires": true,
  "packages": {
    "": {
      "devDependencies": {
        "@types/angular": "^1.8.9",
        "@types/angular-ui-router": "^1.1.44"
      }
    },
    "node_modules/@types/angular": {
      "version": "1.8.9",
      "resolved": "https://registry.npmjs.org/@types/angular/-/angular-1.8.9.tgz",
      "integrity": "sha512-Z0HukqZkx0fotsV3QO00yqU9NzcQI+tMcrum+8MvfB4ePqCawZctF/gz6QiuII+T1ax+LitNoPx/eICTgnF4sg==",
      "dev": true,
      "license": "MIT"
    },
    "node_modules/@types/angular-ui-router": {
      "version": "1.1.44",
      "resolved": "https://registry.npmjs.org/@types/angular-ui-router/-/angular-ui-router-1.1.44.tgz",
      "integrity": "sha512-mUAyKcaj4cTELw5ohSI0hs3hu+yVLDoPPkPZL48xflCVfTK/ch7gczA6gCoa6M50GOflAb/mN0/Sjaq+uoSS2g==",
      "dev": true,
      "license": "MIT",
      "dependencies": {
        "@types/angular": "*"
      }
    }
  }
}
